Microsoft Visual Studio Solution File, Format Version 12.00
# Visual Studio Version 17
VisualStudioVersion = 17.5.2.0
MinimumVisualStudioVersion = 10.0.40219.1
Project("{FAE04EC0-301F-11D3-BF4B-00C04F79EFBC}") = "B", "B.csproj", "{6ED5A31D-FE39-03F3-F0DB-115F134869ED}"
EndProject
Global
	GlobalSection(SolutionConfigurationPlatforms) = preSolution
		Debug|Any CPU = Debug|Any CPU
		Release|Any CPU = Release|Any CPU
	EndGlobalSection
	GlobalSection(ProjectConfigurationPlatforms) = postSolution
		{6ED5A31D-FE39-03F3-F0DB-115F134869ED}.Debug|Any CPU.ActiveCfg = Debug|Any CPU
		{6ED5A31D-FE39-03F3-F0DB-115F134869ED}.Debug|Any CPU.Build.0 = Debug|Any CPU
		{6ED5A31D-FE39-03F3-F0DB-115F134869ED}.Release|Any CPU.ActiveCfg = Release|Any CPU
		{6ED5A31D-FE39-03F3-F0DB-115F134869ED}.Release|Any CPU.Build.0 = Release|Any CPU
	EndGlobalSection
	GlobalSection(SolutionProperties) = preSolution
		HideSolutionNode = FALSE
	EndGlobalSection
	GlobalSection(ExtensibilityGlobals) = postSolution
		SolutionGuid = {C5179B19-0905-4E4D-9CA7-7886F5977F95}
	EndGlobalSection
EndGlobal
